{
  "name": "sub-rosa-servers",
  "version": "1.0.3",
  "lockfileVersion": 1,
  "requires": true,
  "dependencies": {
    "@types/node": {
      "version": "12.7.2",
      "resolved": "https://registry.npmjs.org/@types/node/-/node-12.7.2.tgz",
      "integrity": "sha512-dyYO+f6ihZEtNPDcWNR1fkoTDf3zAK3lAABDze3mz6POyIercH0lEUawUFXlG8xaQZmm1yEBON/4TsYv/laDYg==",
      "dev": true
    },
    "binary-parser-encoder": {
      "version": "1.4.4",
      "resolved": "https://registry.npmjs.org/binary-parser-encoder/-/binary-parser-encoder-1.4.4.tgz",
      "integrity": "sha512-iFuK8Ar0zZWTwd0agt9eTLnzdr5GMqNM+rQifWY0NzjyFJxMu8rRrT7bgbu+lJbnhBG2LC55hE2tgf1X9Lqv1Q==",
      "requires": {
        "smart-buffer": "^4.0.1"
      }
    },
    "smart-buffer": {
      "version": "4.1.0",
      "resolved": "https://registry.npmjs.org/smart-buffer/-/smart-buffer-4.1.0.tgz",
      "integrity": "sha512-iVICrxOzCynf/SNaBQCw34eM9jROU/s5rzIhpOvzhzuYHfJR/DhZfDkXiZSgKXfgv26HT3Yni3AV/DGw0cGnnw=="
    }
  }
}
